
Microsoft Visual Studio Solution File, Format Version 12.00
Project("{FAE04EC0-301F-11D3-BF4B-00C04F79EFBC}") = "Splitey.Api", "Splitey.Api\Splitey.Api.csproj", "{2E6DC8F4-6134-4349-B7F7-402C9A63D80E}"
EndProject
Global
	GlobalSection(SolutionConfigurationPlatforms) = preSolution
		Debug|Any CPU = Debug|Any CPU
		Release|Any CPU = Release|Any CPU
	EndGlobalSection
	GlobalSection(ProjectConfigurationPlatforms) = postSolution
		{2E6DC8F4-6134-4349-B7F7-402C9A63D80E}.Debug|Any CPU.ActiveCfg = Debug|Any CPU
		{2E6DC8F4-6134-4349-B7F7-402C9A63D80E}.Debug|Any CPU.Build.0 = Debug|Any CPU
		{2E6DC8F4-6134-4349-B7F7-402C9A63D80E}.Release|Any CPU.ActiveCfg = Release|Any CPU
		{2E6DC8F4-6134-4349-B7F7-402C9A63D80E}.Release|Any CPU.Build.0 = Release|Any CPU
	EndGlobalSection
EndGlobal
